
Microsoft Visual Studio Solution File, Format Version 12.00
# Visual Studio Version 17
VisualStudioVersion = 17.7.34009.444
MinimumVisualStudioVersion = 10.0.40219.1
Project("{FAE04EC0-301F-11D3-BF4B-00C04F79EFBC}") = "PracticeProblems4B", "PracticeProblems4B.csproj", "{8067C043-4806-4560-BAEA-DB693DC318AA}"
EndProject
Global
	GlobalSection(SolutionConfigurationPlatforms) = preSolution
		Debug|Any CPU = Debug|Any CPU
		Release|Any CPU = Release|Any CPU
	EndGlobalSection
	GlobalSection(ProjectConfigurationPlatforms) = postSolution
		{8067C043-4806-4560-BAEA-DB693DC318AA}.Debug|Any CPU.ActiveCfg = Debug|Any CPU
		{8067C043-4806-4560-BAEA-DB693DC318AA}.Debug|Any CPU.Build.0 = Debug|Any CPU
		{8067C043-4806-4560-BAEA-DB693DC318AA}.Release|Any CPU.ActiveCfg = Release|Any CPU
		{8067C043-4806-4560-BAEA-DB693DC318AA}.Release|Any CPU.Build.0 = Release|Any CPU
	EndGlobalSection
	GlobalSection(SolutionProperties) = preSolution
		HideSolutionNode = FALSE
	EndGlobalSection
	GlobalSection(ExtensibilityGlobals) = postSolution
		SolutionGuid = {1F5B4214-01BF-4C03-86A9-0678A84F7350}
	EndGlobalSection
EndGlobal
